// !$*UTF8*$!
{
	archiveVersion = 1;
	classes = {
	};
	objectVersion = 56;
	objects = {

/* Begin PBXBuildFile section */
		3593A7662A036DA300373A58 /* DataStore.swift in Sources */ = {isa = PBXBuildFile; fileRef = 3593A7652A036DA300373A58 /* DataStore.swift */; };
		3598B46C2A021A0D00F31581 /* AppDelegate.swift in Sources */ = {isa = PBXBuildFile; fileRef = 3598B46B2A021A0D00F31581 /* AppDelegate.swift */; };
		3598B46E2A021A0D00F31581 /* SceneDelegate.swift in Sources */ = {isa = PBXBuildFile; fileRef = 3598B46D2A021A0D00F31581 /* SceneDelegate.swift */; };
		3598B4702A021A0D00F31581 /* ViewController.swift in Sources */ = {isa = PBXBuildFile; fileRef = 3598B46F2A021A0D00F31581 /* ViewController.swift */; };
		3598B4732A021A0D00F31581 /* Main.storyboard in Resources */ = {isa = PBXBuildFile; fileRef = 3598B4712A021A0D00F31581 /* Main.storyboard */; };
		3598B4752A021A0F00F31581 /* Assets.xcassets in Resources */ = {isa = PBXBuildFile; fileRef = 3598B4742A021A0F00F31581 /* Assets.xcassets */; };
		3598B4782A021A0F00F31581 /* LaunchScreen.storyboard in Resources */ = {isa = PBXBuildFile; fileRef = 3598B4762A021A0F00F31581 /* LaunchScreen.storyboard */; };
		3598B4812A021A7B00F31581 /* SpringAnimation in Frameworks */ = {isa = PBXBuildFile; productRef = 3598B4802A021A7B00F31581 /* SpringAnimation */; };
		3598B4892A0231C600F31581 /* Animation.swift in Sources */ = {isa = PBXBuildFile; fileRef = 3598B4882A0231C600F31581 /* Animation.swift */; };
/* End PBXBuildFile section */

/* Begin PBXFileReference section */
		3593A7652A036DA300373A58 /* DataStore.swift */ = {isa = PBXFileReference; lastKnownFileType = sourcecode.swift; path = DataStore.swift; sourceTree = "<group>"; };
		3598B4682A021A0D00F31581 /* FirstSpringAnimpp.app */ = {isa = PBXFileReference; explicitFileType = wrapper.application; includeInIndex = 0; path = FirstSpringAnimpp.app; sourceTree = BUILT_PRODUCTS_DIR; };
		3598B46B2A021A0D00F31581 /* AppDelegate.swift */ = {isa = PBXFileReference; lastKnownFileType = sourcecode.swift; path = AppDelegate.swift; sourceTree = "<group>"; };
		3598B46D2A021A0D00F31581 /* SceneDelegate.swift */ = {isa = PBXFileReference; lastKnownFileType = sourcecode.swift; path = SceneDelegate.swift; sourceTree = "<group>"; };
		3598B46F2A021A0D00F31581 /* ViewController.swift */ = {isa = PBXFileReference; lastKnownFileType = sourcecode.swift; path = ViewController.swift; sourceTree = "<group>"; };
		3598B4722A021A0D00F31581 /* Base */ = {isa = PBXFileReference; lastKnownFileType = file.storyboard; name = Base; path = Base.lproj/Main.storyboard; sourceTree = "<group>"; };
		3598B4742A021A0F00F31581 /* Assets.xcassets */ = {isa = PBXFileReference; lastKnownFileType = folder.assetcatalog; path = Assets.xcassets; sourceTree = "<group>"; };
		3598B4772A021A0F00F31581 /* Base */ = {isa = PBXFileReference; lastKnownFileType = file.storyboard; name = Base; path = Base.lproj/LaunchScreen.storyboard; sourceTree = "<group>"; };
		3598B4792A021A0F00F31581 /* Info.plist */ = {isa = PBXFileReference; lastKnownFileType = text.plist.xml; path = Info.plist; sourceTree = "<group>"; };
		3598B4882A0231C600F31581 /* Animation.swift */ = {isa = PBXFileReference; lastKnownFileType = sourcecode.swift; path = Animation.swift; sourceTree = "<group>"; };
/* End PBXFileReference section */

/* Begin PBXFrameworksBuildPhase section */
		3598B4652A021A0D00F31581 /* Frameworks */ = {
			isa = PBXFrameworksBuildPhase;
			buildActionMask = 2147483647;
			files = (
				3598B4812A021A7B00F31581 /* SpringAnimation in Frameworks */,
			);
			runOnlyForDeploymentPostprocessing = 0;
		};
/* End PBXFrameworksBuildPhase section */

/* Begin PBXGroup section */
		3593A7672A036DA800373A58 /* Services */ = {
			isa = PBXGroup;
			children = (
				3593A7652A036DA300373A58 /* DataStore.swift */,
			);
			path = Services;
			sourceTree = "<group>";
		};
		3598B45F2A021A0D00F31581 = {
			isa = PBXGroup;
			children = (
				3598B46A2A021A0D00F31581 /* FirstSpringAnimpp */,
				3598B4692A021A0D00F31581 /* Products */,
			);
			sourceTree = "<group>";
		};
		3598B4692A021A0D00F31581 /* Products */ = {
			isa = PBXGroup;
			children = (
				3598B4682A021A0D00F31581 /* FirstSpringAnimpp.app */,
			);
			name = Products;
			sourceTree = "<group>";
		};
		3598B46A2A021A0D00F31581 /* FirstSpringAnimpp */ = {
			isa = PBXGroup;
			children = (
				3598B4842A02316400F31581 /* App */,
				3598B4862A02319700F31581 /* ViewControllers */,
				3598B4852A02318A00F31581 /* Storyboards */,
				3598B4872A0231AD00F31581 /* Resources */,
				3598B48A2A0231C900F31581 /* Models */,
				3593A7672A036DA800373A58 /* Services */,
			);
			path = FirstSpringAnimpp;
			sourceTree = "<group>";
		};
		3598B4842A02316400F31581 /* App */ = {
			isa = PBXGroup;
			children = (
				3598B46B2A021A0D00F31581 /* AppDelegate.swift */,
				3598B46D2A021A0D00F31581 /* SceneDelegate.swift */,
				3598B4792A021A0F00F31581 /* Info.plist */,
			);
			path = App;
			sourceTree = "<group>";
		};
		3598B4852A02318A00F31581 /* Storyboards */ = {
			isa = PBXGroup;
			children = (
				3598B4712A021A0D00F31581 /* Main.storyboard */,
				3598B4762A021A0F00F31581 /* LaunchScreen.storyboard */,
			);
			path = Storyboards;
			sourceTree = "<group>";
		};
		3598B4862A02319700F31581 /* ViewControllers */ = {
			isa = PBXGroup;
			children = (
				3598B46F2A021A0D00F31581 /* ViewController.swift */,
			);
			path = ViewControllers;
			sourceTree = "<group>";
		};
		3598B4872A0231AD00F31581 /* Resources */ = {
			isa = PBXGroup;
			children = (
				3598B4742A021A0F00F31581 /* Assets.xcassets */,
			);
			path = Resources;
			sourceTree = "<group>";
		};
		3598B48A2A0231C900F31581 /* Models */ = {
			isa = PBXGroup;
			children = (
				3598B4882A0231C600F31581 /* Animation.swift */,
			);
			path = Models;
			sourceTree = "<group>";
		};
/* End PBXGroup section */

/* Begin PBXNativeTarget section */
		3598B4672A021A0D00F31581 /* FirstSpringAnimpp */ = {
			isa = PBXNativeTarget;
			buildConfigurationList = 3598B47C2A021A0F00F31581 /* Build configuration list for PBXNativeTarget "FirstSpringAnimpp" */;
			buildPhases = (
				3598B4642A021A0D00F31581 /* Sources */,
				3598B4652A021A0D00F31581 /* Frameworks */,
				3598B4662A021A0D00F31581 /* Resources */,
			);
			buildRules = (
			);
			dependencies = (
			);
			name = FirstSpringAnimpp;
			packageProductDependencies = (
				3598B4802A021A7B00F31581 /* SpringAnimation */,
			);
			productName = FirstSpringAnimpp;
			productReference = 3598B4682A021A0D00F31581 /* FirstSpringAnimpp.app */;
			productType = "com.apple.product-type.application";
		};
/* End PBXNativeTarget section */

/* Begin PBXProject section */
		3598B4602A021A0D00F31581 /* Project object */ = {
			isa = PBXProject;
			attributes = {
				BuildIndependentTargetsInParallel = 1;
				LastSwiftUpdateCheck = 1420;
				LastUpgradeCheck = 1420;
				TargetAttributes = {
					3598B4672A021A0D00F31581 = {
						CreatedOnToolsVersion = 14.2;
					};
				};
			};
			buildConfigurationList = 3598B4632A021A0D00F31581 /* Build configuration list for PBXProject "FirstSpringAnimpp" */;
			compatibilityVersion = "Xcode 14.0";
			developmentRegion = en;
			hasScannedForEncodings = 0;
			knownRegions = (
				en,
				Base,
			);
			mainGroup = 3598B45F2A021A0D00F31581;
			packageReferences = (
				3598B47F2A021A7B00F31581 /* XCRemoteSwiftPackageReference "SpringAnimation" */,
			);
			productRefGroup = 3598B4692A021A0D00F31581 /* Products */;
			projectDirPath = "";
			projectRoot = "";
			targets = (
				3598B4672A021A0D00F31581 /* FirstSpringAnimpp */,
			);
		};
/* End PBXProject section */

/* Begin PBXResourcesBuildPhase section */
		3598B4662A021A0D00F31581 /* Resources */ = {
			isa = PBXResourcesBuildPhase;
			buildActionMask = 2147483647;
			files = (
				3598B4782A021A0F00F31581 /* LaunchScreen.storyboard in Resources */,
				3598B4752A021A0F00F31581 /* Assets.xcassets in Resources */,
				3598B4732A021A0D00F31581 /* Main.storyboard in Resources */,
			);
			runOnlyForDeploymentPostprocessing = 0;
		};
/* End PBXResourcesBuildPhase section */

/* Begin PBXSourcesBuildPhase section */
		3598B4642A021A0D00F31581 /* Sources */ = {
			isa = PBXSourcesBuildPhase;
			buildActionMask = 2147483647;
			files = (
				3598B4702A021A0D00F31581 /* ViewController.swift in Sources */,
				3598B46C2A021A0D00F31581 /* AppDelegate.swift in Sources */,
				3598B4892A0231C600F31581 /* Animation.swift in Sources */,
				3593A7662A036DA300373A58 /* DataStore.swift in Sources */,
				3598B46E2A021A0D00F31581 /* SceneDelegate.swift in Sources */,
			);
			runOnlyForDeploymentPostprocessing = 0;
		};
/* End PBXSourcesBuildPhase section */

/* Begin PBXVariantGroup section */
		3598B4712A021A0D00F31581 /* Main.storyboard */ = {
			isa = PBXVariantGroup;
			children = (
				3598B4722A021A0D00F31581 /* Base */,
			);
			name = Main.storyboard;
			sourceTree = "<group>";
		};
		3598B4762A021A0F00F31581 /* LaunchScreen.storyboard */ = {
			isa = PBXVariantGroup;
			children = (
				3598B4772A021A0F00F31581 /* Base */,
			);
			name = LaunchScreen.storyboard;
			sourceTree = "<group>";
		};
/* End PBXVariantGroup section */

/* Begin XCBuildConfiguration section */
		3598B47A2A021A0F00F31581 /* Debug */ = {
			isa = XCBuildConfiguration;
			buildSettings = {
				ALWAYS_SEARCH_USER_PATHS = NO;
				CLANG_ANALYZER_NONNULL = YES;
				CLANG_ANALYZER_NUMBER_OBJECT_CONVERSION = YES_AGGRESSIVE;
				CLANG_CXX_LANGUAGE_STANDARD = "gnu++20";
				CLANG_ENABLE_MODULES = YES;
				CLANG_ENABLE_OBJC_ARC = YES;
				CLANG_ENABLE_OBJC_WEAK = YES;
				CLANG_WARN_BLOCK_CAPTURE_AUTORELEASING = YES;
				CLANG_WARN_BOOL_CONVERSION = YES;
				CLANG_WARN_COMMA = YES;
				CLANG_WARN_CONSTANT_CONVERSION = YES;
				CLANG_WARN_DEPRECATED_OBJC_IMPLEMENTATIONS = YES;
				CLANG_WARN_DIRECT_OBJC_ISA_USAGE = YES_ERROR;
				CLANG_WARN_DOCUMENTATION_COMMENTS = YES;
				CLANG_WARN_EMPTY_BODY = YES;
				CLANG_WARN_ENUM_CONVERSION = YES;
				CLANG_WARN_INFINITE_RECURSION = YES;
				CLANG_WARN_INT_CONVERSION = YES;
				CLANG_WARN_NON_LITERAL_NULL_CONVERSION = YES;
				CLANG_WARN_OBJC_IMPLICIT_RETAIN_SELF = YES;
				CLANG_WARN_OBJC_LITERAL_CONVERSION = YES;
				CLANG_WARN_OBJC_ROOT_CLASS = YES_ERROR;
				CLANG_WARN_QUOTED_INCLUDE_IN_FRAMEWORK_HEADER = YES;
				CLANG_WARN_RANGE_LOOP_ANALYSIS = YES;
				CLANG_WARN_STRICT_PROTOTYPES = YES;
				CLANG_WARN_SUSPICIOUS_MOVE = YES;
				CLANG_WARN_UNGUARDED_AVAILABILITY = YES_AGGRESSIVE;
				CLANG_WARN_UNREACHABLE_CODE = YES;
				CLANG_WARN__DUPLICATE_METHOD_MATCH = YES;
				COPY_PHASE_STRIP = NO;
				DEBUG_INFORMATION_FORMAT = dwarf;
				ENABLE_STRICT_OBJC_MSGSEND = YES;
				ENABLE_TESTABILITY = YES;
				GCC_C_LANGUAGE_STANDARD = gnu11;
				GCC_DYNAMIC_NO_PIC = NO;
				GCC_NO_COMMON_BLOCKS = YES;
				GCC_OPTIMIZATION_LEVEL = 0;
				GCC_PREPROCESSOR_DEFINITIONS = (
					"DEBUG=1",
					"$(inherited)",
				);
				GCC_WARN_64_TO_32_BIT_CONVERSION = YES;
				GCC_WARN_ABOUT_RETURN_TYPE = YES_ERROR;
				GCC_WARN_UNDECLARED_SELECTOR = YES;
				GCC_WARN_UNINITIALIZED_AUTOS = YES_AGGRESSIVE;
				GCC_WARN_UNUSED_FUNCTION = YES;
				GCC_WARN_UNUSED_VARIABLE = YES;
				IPHONEOS_DEPLOYMENT_TARGET = 16.2;
				MTL_ENABLE_DEBUG_INFO = INCLUDE_SOURCE;
				MTL_FAST_MATH = YES;
				ONLY_ACTIVE_ARCH = YES;
				SDKROOT = iphoneos;
				SWIFT_ACTIVE_COMPILATION_CONDITIONS = DEBUG;
				SWIFT_OPTIMIZATION_LEVEL = "-Onone";
			};
			name = Debug;
		};
		3598B47B2A021A0F00F31581 /* Release */ = {
			isa = XCBuildConfiguration;
			buildSettings = {
				ALWAYS_SEARCH_USER_PATHS = NO;
				CLANG_ANALYZER_NONNULL = YES;
				CLANG_ANALYZER_NUMBER_OBJECT_CONVERSION = YES_AGGRESSIVE;
				CLANG_CXX_LANGUAGE_STANDARD = "gnu++20";
				CLANG_ENABLE_MODULES = YES;
				CLANG_ENABLE_OBJC_ARC = YES;
				CLANG_ENABLE_OBJC_WEAK = YES;
				CLANG_WARN_BLOCK_CAPTURE_AUTORELEASING = YES;
				CLANG_WARN_BOOL_CONVERSION = YES;
				CLANG_WARN_COMMA = YES;
				CLANG_WARN_CONSTANT_CONVERSION = YES;
				CLANG_WARN_DEPRECATED_OBJC_IMPLEMENTATIONS = YES;
				CLANG_WARN_DIRECT_OBJC_ISA_USAGE = YES_ERROR;
				CLANG_WARN_DOCUMENTATION_COMMENTS = YES;
				CLANG_WARN_EMPTY_BODY = YES;
				CLANG_WARN_ENUM_CONVERSION = YES;
				CLANG_WARN_INFINITE_RECURSION = YES;
				CLANG_WARN_INT_CONVERSION = YES;
				CLANG_WARN_NON_LITERAL_NULL_CONVERSION = YES;
				CLANG_WARN_OBJC_IMPLICIT_RETAIN_SELF = YES;
				CLANG_WARN_OBJC_LITERAL_CONVERSION = YES;
				CLANG_WARN_OBJC_ROOT_CLASS = YES_ERROR;
				CLANG_WARN_QUOTED_INCLUDE_IN_FRAMEWORK_HEADER = YES;
				CLANG_WARN_RANGE_LOOP_ANALYSIS = YES;
				CLANG_WARN_STRICT_PROTOTYPES = YES;
				CLANG_WARN_SUSPICIOUS_MOVE = YES;
				CLANG_WARN_UNGUARDED_AVAILABILITY = YES_AGGRESSIVE;
				CLANG_WARN_UNREACHABLE_CODE = YES;
				CLANG_WARN__DUPLICATE_METHOD_MATCH = YES;
				COPY_PHASE_STRIP = NO;
				DEBUG_INFORMATION_FORMAT = "dwarf-with-dsym";
				ENABLE_NS_ASSERTIONS = NO;
				ENABLE_STRICT_OBJC_MSGSEND = YES;
				GCC_C_LANGUAGE_STANDARD = gnu11;
				GCC_NO_COMMON_BLOCKS = YES;
				GCC_WARN_64_TO_32_BIT_CONVERSION = YES;
				GCC_WARN_ABOUT_RETURN_TYPE = YES_ERROR;
				GCC_WARN_UNDECLARED_SELECTOR = YES;
				GCC_WARN_UNINITIALIZED_AUTOS = YES_AGGRESSIVE;
				GCC_WARN_UNUSED_FUNCTION = YES;
				GCC_WARN_UNUSED_VARIABLE = YES;
				IPHONEOS_DEPLOYMENT_TARGET = 16.2;
				MTL_ENABLE_DEBUG_INFO = NO;
				MTL_FAST_MATH = YES;
				SDKROOT = iphoneos;
				SWIFT_COMPILATION_MODE = wholemodule;
				SWIFT_OPTIMIZATION_LEVEL = "-O";
				VALIDATE_PRODUCT = YES;
			};
			name = Release;
		};
		3598B47D2A021A0F00F31581 /* Debug */ = {
			isa = XCBuildConfiguration;
			buildSettings = {
				ASSETCATALOG_COMPILER_APPICON_NAME = AppIcon;
				ASSETCATALOG_COMPILER_GLOBAL_ACCENT_COLOR_NAME = AccentColor;
				CODE_SIGN_STYLE = Automatic;
				CURRENT_PROJECT_VERSION = 1;
				DEVELOPMENT_TEAM = XZW4VA4NWF;
				GENERATE_INFOPLIST_FILE = YES;
				INFOPLIST_FILE = FirstSpringAnimpp/App/Info.plist;
				INFOPLIST_KEY_UIApplicationSupportsIndirectInputEvents = YES;
				INFOPLIST_KEY_UILaunchStoryboardName = LaunchScreen;
				INFOPLIST_KEY_UIMainStoryboardFile = Main;
				INFOPLIST_KEY_UISupportedInterfaceOrientations_iPad = "UIInterfaceOrientationPortrait UIInterfaceOrientationPortraitUpsideDown UIInterfaceOrientationLandscapeLeft UIInterfaceOrientationLandscapeRight";
				INFOPLIST_KEY_UISupportedInterfaceOrientations_iPhone = "UIInterfaceOrientationPortrait UIInterfaceOrientationLandscapeLeft UIInterfaceOrientationLandscapeRight";
				LD_RUNPATH_SEARCH_PATHS = (
					"$(inherited)",
					"@executable_path/Frameworks",
				);
				MARKETING_VERSION = 1.0;
				PRODUCT_BUNDLE_IDENTIFIER = kz.zaki.FirstSpringAnimpp;
				PRODUCT_NAME = "$(TARGET_NAME)";
				SUPPORTED_PLATFORMS = "iphoneos iphonesimulator";
				SUPPORTS_MACCATALYST = NO;
				SUPPORTS_MAC_DESIGNED_FOR_IPHONE_IPAD = NO;
				SWIFT_EMIT_LOC_STRINGS = YES;
				SWIFT_VERSION = 5.0;
				TARGETED_DEVICE_FAMILY = 1;
			};
			name = Debug;
		};
		3598B47E2A021A0F00F31581 /* Release */ = {
			isa = XCBuildConfiguration;
			buildSettings = {
				ASSETCATALOG_COMPILER_APPICON_NAME = AppIcon;
				ASSETCATALOG_COMPILER_GLOBAL_ACCENT_COLOR_NAME = AccentColor;
				CODE_SIGN_STYLE = Automatic;
				CURRENT_PROJECT_VERSION = 1;
				DEVELOPMENT_TEAM = XZW4VA4NWF;
				GENERATE_INFOPLIST_FILE = YES;
				INFOPLIST_FILE = FirstSpringAnimpp/App/Info.plist;
				INFOPLIST_KEY_UIApplicationSupportsIndirectInputEvents = YES;
				INFOPLIST_KEY_UILaunchStoryboardName = LaunchScreen;
				INFOPLIST_KEY_UIMainStoryboardFile = Main;
				INFOPLIST_KEY_UISupportedInterfaceOrientations_iPad = "UIInterfaceOrientationPortrait UIInterfaceOrientationPortraitUpsideDown UIInterfaceOrientationLandscapeLeft UIInterfaceOrientationLandscapeRight";
				INFOPLIST_KEY_UISupportedInterfaceOrientations_iPhone = "UIInterfaceOrientationPortrait UIInterfaceOrientationLandscapeLeft UIInterfaceOrientationLandscapeRight";
				LD_RUNPATH_SEARCH_PATHS = (
					"$(inherited)",
					"@executable_path/Frameworks",
				);
				MARKETING_VERSION = 1.0;
				PRODUCT_BUNDLE_IDENTIFIER = kz.zaki.FirstSpringAnimpp;
				PRODUCT_NAME = "$(TARGET_NAME)";
				SUPPORTED_PLATFORMS = "iphoneos iphonesimulator";
				SUPPORTS_MACCATALYST = NO;
				SUPPORTS_MAC_DESIGNED_FOR_IPHONE_IPAD = NO;
				SWIFT_EMIT_LOC_STRINGS = YES;
				SWIFT_VERSION = 5.0;
				TARGETED_DEVICE_FAMILY = 1;
			};
			name = Release;
		};
/* End XCBuildConfiguration section */

/* Begin XCConfigurationList section */
		3598B4632A021A0D00F31581 /* Build configuration list for PBXProject "FirstSpringAnimpp" */ = {
			isa = XCConfigurationList;
			buildConfigurations = (
				3598B47A2A021A0F00F31581 /* Debug */,
				3598B47B2A021A0F00F31581 /* Release */,
			);
			defaultConfigurationIsVisible = 0;
			defaultConfigurationName = Release;
		};
		3598B47C2A021A0F00F31581 /* Build configuration list for PBXNativeTarget "FirstSpringAnimpp" */ = {
			isa = XCConfigurationList;
			buildConfigurations = (
				3598B47D2A021A0F00F31581 /* Debug */,
				3598B47E2A021A0F00F31581 /* Release */,
			);
			defaultConfigurationIsVisible = 0;
			defaultConfigurationName = Release;
		};
/* End XCConfigurationList section */

/* Begin XCRemoteSwiftPackageReference section */
		3598B47F2A021A7B00F31581 /* XCRemoteSwiftPackageReference "SpringAnimation" */ = {
			isa = XCRemoteSwiftPackageReference;
			repositoryURL = "https://github.com/LexDeBash/SpringAnimation.git";
			requirement = {
				kind = upToNextMajorVersion;
				minimumVersion = 0.3.0;
			};
		};
/* End XCRemoteSwiftPackageReference section */

/* Begin XCSwiftPackageProductDependency section */
		3598B4802A021A7B00F31581 /* SpringAnimation */ = {
			isa = XCSwiftPackageProductDependency;
			package = 3598B47F2A021A7B00F31581 /* XCRemoteSwiftPackageReference "SpringAnimation" */;
			productName = SpringAnimation;
		};
/* End XCSwiftPackageProductDependency section */
	};
	rootObject = 3598B4602A021A0D00F31581 /* Project object */;
}
